
Microsoft Visual Studio Solution File, Format Version 12.00
# Visual Studio Version 16
VisualStudioVersion = 16.0.32106.194
MinimumVisualStudioVersion = 10.0.40219.1
Project("{FAE04EC0-301F-11D3-BF4B-00C04F79EFBC}") = "StructAssignment", "StructAssignment\StructAssignment.csproj", "{63037CDF-F18C-4F56-8862-BB38D4420328}"
EndProject
Global
	GlobalSection(SolutionConfigurationPlatforms) = preSolution
		Debug|Any CPU = Debug|Any CPU
		Release|Any CPU = Release|Any CPU
	EndGlobalSection
	GlobalSection(ProjectConfigurationPlatforms) = postSolution
		{63037CDF-F18C-4F56-8862-BB38D4420328}.Debug|Any CPU.ActiveCfg = Debug|Any CPU
		{63037CDF-F18C-4F56-8862-BB38D4420328}.Debug|Any CPU.Build.0 = Debug|Any CPU
		{63037CDF-F18C-4F56-8862-BB38D4420328}.Release|Any CPU.ActiveCfg = Release|Any CPU
		{63037CDF-F18C-4F56-8862-BB38D4420328}.Release|Any CPU.Build.0 = Release|Any CPU
	EndGlobalSection
	GlobalSection(SolutionProperties) = preSolution
		HideSolutionNode = FALSE
	EndGlobalSection
	GlobalSection(ExtensibilityGlobals) = postSolution
		SolutionGuid = {31CD9372-7CC9-41F3-A575-732CA7F00901}
	EndGlobalSection
EndGlobal
