
Microsoft Visual Studio Solution File, Format Version 12.00
# Visual Studio Version 16
VisualStudioVersion = 16.0.32106.194
MinimumVisualStudioVersion = 10.0.40219.1
Project("{FAE04EC0-301F-11D3-BF4B-00C04F79EFBC}") = "WebApplication1", "WebApplication1\WebApplication1.csproj", "{E758362A-BED0-485F-8C9F-5D6B816F386F}"
EndProject
Global
	GlobalSection(SolutionConfigurationPlatforms) = preSolution
		Debug|Any CPU = Debug|Any CPU
		Release|Any CPU = Release|Any CPU
	EndGlobalSection
	GlobalSection(ProjectConfigurationPlatforms) = postSolution
		{E758362A-BED0-485F-8C9F-5D6B816F386F}.Debug|Any CPU.ActiveCfg = Debug|Any CPU
		{E758362A-BED0-485F-8C9F-5D6B816F386F}.Debug|Any CPU.Build.0 = Debug|Any CPU
		{E758362A-BED0-485F-8C9F-5D6B816F386F}.Release|Any CPU.ActiveCfg = Release|Any CPU
		{E758362A-BED0-485F-8C9F-5D6B816F386F}.Release|Any CPU.Build.0 = Release|Any CPU
	EndGlobalSection
	GlobalSection(SolutionProperties) = preSolution
		HideSolutionNode = FALSE
	EndGlobalSection
	GlobalSection(ExtensibilityGlobals) = postSolution
		SolutionGuid = {0EE15F13-D57B-409E-B93C-CC1307BEB28F}
	EndGlobalSection
EndGlobal
