
Microsoft Visual Studio Solution File, Format Version 12.00
# Visual Studio Version 16
VisualStudioVersion = 16.0.32106.194
MinimumVisualStudioVersion = 10.0.40219.1
Project("{FAE04EC0-301F-11D3-BF4B-00C04F79EFBC}") = "MainMethod", "MainMethod\MainMethod.csproj", "{9D363296-AE77-4AC2-9F65-A41F8CAB4332}"
EndProject
Global
	GlobalSection(SolutionConfigurationPlatforms) = preSolution
		Debug|Any CPU = Debug|Any CPU
		Release|Any CPU = Release|Any CPU
	EndGlobalSection
	GlobalSection(ProjectConfigurationPlatforms) = postSolution
		{9D363296-AE77-4AC2-9F65-A41F8CAB4332}.Debug|Any CPU.ActiveCfg = Debug|Any CPU
		{9D363296-AE77-4AC2-9F65-A41F8CAB4332}.Debug|Any CPU.Build.0 = Debug|Any CPU
		{9D363296-AE77-4AC2-9F65-A41F8CAB4332}.Release|Any CPU.ActiveCfg = Release|Any CPU
		{9D363296-AE77-4AC2-9F65-A41F8CAB4332}.Release|Any CPU.Build.0 = Release|Any CPU
	EndGlobalSection
	GlobalSection(SolutionProperties) = preSolution
		HideSolutionNode = FALSE
	EndGlobalSection
	GlobalSection(ExtensibilityGlobals) = postSolution
		SolutionGuid = {23C2B31A-F1A2-41A8-85EF-F3DAB111B140}
	EndGlobalSection
EndGlobal
