
Microsoft Visual Studio Solution File, Format Version 12.00
# Visual Studio Version 16
VisualStudioVersion = 16.0.32106.194
MinimumVisualStudioVersion = 10.0.40219.1
Project("{FAE04EC0-301F-11D3-BF4B-00C04F79EFBC}") = "MethodSubmission", "MethodSubmission\MethodSubmission.csproj", "{A9B4A346-5A2C-4E87-83BC-52F9F28EF88C}"
EndProject
Global
	GlobalSection(SolutionConfigurationPlatforms) = preSolution
		Debug|Any CPU = Debug|Any CPU
		Release|Any CPU = Release|Any CPU
	EndGlobalSection
	GlobalSection(ProjectConfigurationPlatforms) = postSolution
		{A9B4A346-5A2C-4E87-83BC-52F9F28EF88C}.Debug|Any CPU.ActiveCfg = Debug|Any CPU
		{A9B4A346-5A2C-4E87-83BC-52F9F28EF88C}.Debug|Any CPU.Build.0 = Debug|Any CPU
		{A9B4A346-5A2C-4E87-83BC-52F9F28EF88C}.Release|Any CPU.ActiveCfg = Release|Any CPU
		{A9B4A346-5A2C-4E87-83BC-52F9F28EF88C}.Release|Any CPU.Build.0 = Release|Any CPU
	EndGlobalSection
	GlobalSection(SolutionProperties) = preSolution
		HideSolutionNode = FALSE
	EndGlobalSection
	GlobalSection(ExtensibilityGlobals) = postSolution
		SolutionGuid = {7565A778-724D-47CE-8570-EE2DDD1DA851}
	EndGlobalSection
EndGlobal
